
Microsoft Visual Studio Solution File, Format Version 12.00
# Visual Studio Version 17
VisualStudioVersion = 17.6.33723.286
MinimumVisualStudioVersion = 10.0.40219.1
Project("{FAE04EC0-301F-11D3-BF4B-00C04F79EFBC}") = "WindowsFormsApp1", "WindowsFormsApp1.csproj", "{1B978710-DD42-4364-AA4F-99054E8E12FD}"
EndProject
Global
	GlobalSection(SolutionConfigurationPlatforms) = preSolution
		Debug|Any CPU = Debug|Any CPU
		Release|Any CPU = Release|Any CPU
	EndGlobalSection
	GlobalSection(ProjectConfigurationPlatforms) = postSolution
		{1B978710-DD42-4364-AA4F-99054E8E12FD}.Debug|Any CPU.ActiveCfg = Debug|Any CPU
		{1B978710-DD42-4364-AA4F-99054E8E12FD}.Debug|Any CPU.Build.0 = Debug|Any CPU
		{1B978710-DD42-4364-AA4F-99054E8E12FD}.Release|Any CPU.ActiveCfg = Release|Any CPU
		{1B978710-DD42-4364-AA4F-99054E8E12FD}.Release|Any CPU.Build.0 = Release|Any CPU
	EndGlobalSection
	GlobalSection(SolutionProperties) = preSolution
		HideSolutionNode = FALSE
	EndGlobalSection
	GlobalSection(ExtensibilityGlobals) = postSolution
		SolutionGuid = {1A2F57EE-CAA1-4A20-909B-8EC5BA897071}
	EndGlobalSection
EndGlobal
